
Microsoft Visual Studio Solution File, Format Version 12.00
# Visual Studio Version 17
VisualStudioVersion = 17.11.35219.272
MinimumVisualStudioVersion = 10.0.40219.1
Project("{9A19103F-16F7-4668-BE54-9A1E7A4F7556}") = "Die-Gewinner", "Die-Gewinner\Die-Gewinner.csproj", "{85F7FD99-4123-4668-BD63-57D744A68D9A}"
EndProject
Project("{2150E333-8FDC-42A3-9474-1A3956D46DE8}") = "Solution Items", "Solution Items", "{16B7D39D-649B-4202-8CE8-87F418C5AC94}"
	ProjectSection(SolutionItems) = preProject
		Class1.cs = Class1.cs
	EndProjectSection
EndProject
Global
	GlobalSection(SolutionConfigurationPlatforms) = preSolution
		Debug|Any CPU = Debug|Any CPU
		Release|Any CPU = Release|Any CPU
	EndGlobalSection
	GlobalSection(ProjectConfigurationPlatforms) = postSolution
		{85F7FD99-4123-4668-BD63-57D744A68D9A}.Debug|Any CPU.ActiveCfg = Debug|Any CPU
		{85F7FD99-4123-4668-BD63-57D744A68D9A}.Debug|Any CPU.Build.0 = Debug|Any CPU
		{85F7FD99-4123-4668-BD63-57D744A68D9A}.Release|Any CPU.ActiveCfg = Release|Any CPU
		{85F7FD99-4123-4668-BD63-57D744A68D9A}.Release|Any CPU.Build.0 = Release|Any CPU
	EndGlobalSection
	GlobalSection(SolutionProperties) = preSolution
		HideSolutionNode = FALSE
	EndGlobalSection
	GlobalSection(ExtensibilityGlobals) = postSolution
		SolutionGuid = {43A8A537-58B2-4574-B18D-ABE064EF7E54}
	EndGlobalSection
EndGlobal
